{
  "version": 4,
  "terraform_version": "1.3.9",
  "serial": 35,
  "lineage": "19f04228-4d4a-0a14-9a8d-eab76719e6db",
  "outputs": {},
  "resources": [
    {
      "mode": "managed",
      "type": "aws_cloudwatch_log_stream",
      "name": "log_stream",
      "provider": "provider[\"registry.terraform.io/hashicorp/aws\"]",
      "instances": []
    },
    {
      "mode": "managed",
      "type": "aws_ecr_repository",
      "name": "demo-repository",
      "provider": "provider[\"registry.terraform.io/hashicorp/aws\"]",
      "instances": [
        {
          "schema_version": 0,
          "attributes": {
            "arn": "arn:aws:ecr:us-east-1:190177667055:repository/tmp3",
            "encryption_configuration": [
              {
                "encryption_type": "AES256",
                "kms_key": ""
              }
            ],
            "force_delete": null,
            "id": "tmp3",
            "image_scanning_configuration": [
              {
                "scan_on_push": false
              }
            ],
            "image_tag_mutability": "IMMUTABLE",
            "name": "tmp3",
            "registry_id": "190177667055",
            "repository_url": "190177667055.dkr.ecr.us-east-1.amazonaws.com/tmp3",
            "tags": {},
            "tags_all": {},
            "timeouts": null
          },
          "sensitive_attributes": [],
          "private": "eyJlMmJmYjczMC1lY2FhLTExZTYtOGY4OC0zNDM2M2JjN2M0YzAiOnsiZGVsZXRlIjoxMjAwMDAwMDAwMDAwfX0="
        }
      ]
    },
    {
      "mode": "managed",
      "type": "aws_ecs_cluster",
      "name": "test",
      "provider": "provider[\"registry.terraform.io/hashicorp/aws\"]",
      "instances": [
        {
          "schema_version": 0,
          "attributes": {
            "arn": "arn:aws:ecs:us-east-1:190177667055:cluster/test",
            "capacity_providers": [],
            "configuration": [],
            "default_capacity_provider_strategy": [],
            "id": "arn:aws:ecs:us-east-1:190177667055:cluster/test",
            "name": "test",
            "service_connect_defaults": [],
            "setting": [
              {
                "name": "containerInsights",
                "value": "disabled"
              }
            ],
            "tags": null,
            "tags_all": {}
          },
          "sensitive_attributes": [],
          "private": "bnVsbA=="
        }
      ]
    },
    {
      "mode": "managed",
      "type": "aws_ecs_service",
      "name": "ecs-service",
      "provider": "provider[\"registry.terraform.io/hashicorp/aws\"]",
      "instances": []
    },
    {
      "mode": "managed",
      "type": "aws_ecs_task_definition",
      "name": "task",
      "provider": "provider[\"registry.terraform.io/hashicorp/aws\"]",
      "instances": [
        {
          "schema_version": 1,
          "attributes": {
            "arn": "arn:aws:ecs:us-east-1:190177667055:task-definition/task:3",
            "arn_without_revision": "arn:aws:ecs:us-east-1:190177667055:task-definition/task",
            "container_definitions": "[{\"cpu\":10,\"environment\":[{\"name\":\"ACCESS_TOKEN_SECRET_PRIVATE\",\"value\":\"-----BEGIN RSA PRIVATE KEY-----\\nMIIJJwIBAAKCAgBjNu1Hyk4NBORBj6xS0QcwdLhFC9PMoGi0a5DcQ06YiihppphWF7rTRZnmne1EN4xD2xO38od2vgAVNCtMoQ5RQaVaRwMolY96d6awc3+dXb4oAR/AQvdu73wPDSwMJd7YcO1TUS3xElkD02+EcHXr1wz1NhfC/M6wRFP2fX9+A9RaKo8t1FsrCfjek+SEezSAvtv9JBF7ZyNEO+8V2igojl2P6YEPLGR/juWa6ebU1mbga0zz8J7MGvelGxDg/ghgCLgzwRfWdJJUbYoMnJUXXeIHUyDj8RNt7yZc85iRxeKUbeLhqX8miIkRHKWt6IKqq5gaRrdVHtBieAfoG9t4mmhCNvDE/jNZoLum2IbTYOkzGEqVcLuvIzOaX1+mw89z8lrqsSffweCEBEO7meUXhvcYx5fTSVriCqhbNr7dZfMoQUMdlj458bIse9oQg6+EcUMo3WuSzIA4NFu4jsCuQIGSNR+TThXq6Y8APAn+y/TgGljFEIsJ7o9tMKLzEMOI21UiHZPmRmn6S50jvHSfkHxZ5SBXHEoFYfvOt6b+YenuBGA7sXRTXr5jBVLTJdZHLqhBu7fXS0sdEyk5yBZoFzgZx+IIx3X2qbNS4JFUAqg/BQmNM7qzOoImO1EUv/IjTjVDW9IT0nQnfFAgJxV/MzR3vkbkp5UoGy2RCcg2eQIDAQABAoICACpv1A5g+gGXlgp06cCCqBCR3D+sT2u3MRH68HtGTtfwQFjwaThp7f9wRePeqR4EpHphuo1zr32ax25KYjrkqLsY2SFEPpWdY0F+7E2NGYi2ECAMWwhhnHRW+zl06OJJUIhDxT9d+cijkG+SgKClecrmsSQxfvhoKgA7Oa60/1NnT+1BRvzTWCuQmGKb36LLECoBeRdN1ixycSM+f4VZStQOEPb9abaTxmjJNmyMn69qBZb4TnII+eNTpZl5ej7CadKp6CA693dDZVO3htTeJOdZwNRhOjBFbYoYQNCBYUD443GZjvH3DevterNXDYbVbQ6TVvvmQ4SlKXz02mztfXIQF+NKoRgNgBKZzax2U8wKa/OiKFFOaNFoasUC9XznX5j6nMpCpnKMDDEPjN5DOsYAWM2JOZwpHw+gJ7zR7WeFopR7FUd+7IdN1UXaTvaJYqiF4Fez7GDsBL6bcO9pw3z4cUsGJLXgEMCjtZFGGV0/dXVNqyowSw0fIHHmlL0fHjL8lc4v0mUR69irugIWlLXpYnw3Whg/E1IloWALQVuckzjyagXmN1+PT4gJsVsaehWFcflvDb0cqLoWcqiMb/1lsnFffMk8xOFwDNVUTG/1Vx/T1mfkUIjakdGkElSVD3lJnQggfg21a4eaR/r+kUrRww2Ymxl92P7ZH9eHoaYBAoIBAQCnh+Cq8Lkvx7HlPKrRN140wqMnC/1jZ3rvmRFSdNkTUxIK7zEoMLpDURidx5tr7HmbJKDiuNyHaV5MGAMLwOdkfHTCgPl8s1Xi2jicYXcxCl4Qso+qNYbbvPnUOFZKZNRKVO01jrC4DrTZ+iLShGljUMmqBKeTp6KTOj/EcxmyBkGkgv81KUi1R1x3TJ69GkWFPFvYOUj+BRZv1OFcbINmyxvZriB7551UfQHQ1cbBVHH0V3miaONaa76lDQjJH+WskjxZLObNojIdvynVMAvjG8JJZfzv24LCb/X7a+9hoE9hyNYKISY0x0Qe1taxL6iD14LLxoCUojAwGZkBtu+zAoIBAQCXm4c49vZW96LR/u1hUTCDT35HfdTsEUiANGv+WwYesPthq2NUgJjCXu89AY1UUV9tS1PuKEQs8ipTrw6U+xkxTGFl1Dx2lVrCBDFkipBVVl/euv62rkIS5xeBmoSB2SjnI9iCowpJZsQxkgsKco7AudDbk1AWHnWVXTRfRJBr7ssPlKsKBLnf4oUQ7ejKir/CjWJYGJfTDwEhBiUO8RDq6W/sbAoccTAiX48l79qaq3oN07bY818Y2xHfFvC2Q5H/1iprXRbuAj/40/cPv1fjSH6ts2Ijy30534UXPOJg6akHGwXjwN8eUlJcvzrJ8zIgn+KTcefwAQaoKudOREsjAoIBAH3o0kLHDvdJB3t5QAxjp4rRqdtD2JmoAS4oBWvKZAdxDINpR7GkBaloPq7+gOH45WBjhANB2oRu/a8E8O0Zew77tqkkU92Tzv3i8l8dpX4XA6FbAjxzZDqr6bvE552b8C05bNoutsRuUR/uLdO4Lpi09Auy2dtQRxCN27UiqHIy34zr4zCqKXoM+wKydC89mnhLZ9+3FhPL8RP1k7Zp28wa5ICSrNlSttzz4rR4pptQgyCXydP1LsIbbjoP9MVsEqrDcVW4OHLd7vqKXL9cD+MNTtTpMNN4T+sgSGhAs7XUzTR5w9vzFArgpGLlJpAeeHE2PJg4RRTwXHUaF/PA8J8CggEANL5W/OpuKTNd4dDepMyqJASz2gtc2APrRS73ozXnmyXXTtNhazSR8I02jfLMSFlG6a8bM++uSDS3pQVx/UKeMRhxigucPWUYfgcXZ/MM46N5FvPXSZa2Rf0/oEcxcjsqj79Yw5oVKhQmjVhRnwDbyRDcKIfHhOpz3dLfNYWU+PfKjVEbcBDU2Z7kzE74ff5nWDf3zs4/g53ktqh8nAYh7Jfp6EZt/hcit9Km6nvXgZfGjqjpI/EHVI5iWUqR09cOJANOHqv0HjmKJ/cWLNRUry25ZJTTv8A7gLbShpMX7r9bnq04D1Q6S0I4hSvCOB/zgIYfPUyTdFvnBPpoHkKEIQKCAQEAo+jjmCBcWCNlm4zxMhCsyK9Dt7qyZTYB0pFXN1pGIyfUE2Z7z5dD3ZkF3RniJbd/ZEdk35mzPWnjmFq5H3P8w6sBkbMSSaQhoo0l7m5Gi7xxSRck/peh4FINmAjXLX3c4fuDU3Kg/nhCz/2kbOgTkcL368pv4F2KEyWHWZntH1Ah0nhVy1AsESfynxMM3gsPdX8mis9caQkL4p8FLT0BF1OwUJpzHK9pmYdA006/whFxjh3mi2qHVL8ybT1YxEI1UeoTi8hUZ5KvrLA2nM6weWA4OmDGyM0myQFyaFMPTOvvi9TjTWbEmisO7A9qjjVU0puJ9r/cwsNXz6aY4e9vWA==\\n-----END RSA PRIVATE KEY-----\"},{\"name\":\"ACCESS_TOKEN_SECRET_PUBLIC\",\"value\":\"-----BEGIN PUBLIC KEY-----MIICITANBgkqhkiG9w0BAQEFAAOCAg4AMIICCQKCAgBjNu1Hyk4NBORBj6xS0QcwdLhFC9PMoGi0a5DcQ06YiihppphWF7rTRZnmne1EN4xD2xO38od2vgAVNCtMoQ5RQaVaRwMolY96d6awc3+dXb4oAR/AQvdu73wPDSwMJd7YcO1TUS3xElkD02+EcHXr1wz1NhfC/M6wRFP2fX9+A9RaKo8t1FsrCfjek+SEezSAvtv9JBF7ZyNEO+8V2igojl2P6YEPLGR/juWa6ebU1mbga0zz8J7MGvelGxDg/ghgCLgzwRfWdJJUbYoMnJUXXeIHUyDj8RNt7yZc85iRxeKUbeLhqX8miIkRHKWt6IKqq5gaRrdVHtBieAfoG9t4mmhCNvDE/jNZoLum2IbTYOkzGEqVcLuvIzOaX1+mw89z8lrqsSffweCEBEO7meUXhvcYx5fTSVriCqhbNr7dZfMoQUMdlj458bIse9oQg6+EcUMo3WuSzIA4NFu4jsCuQIGSNR+TThXq6Y8APAn+y/TgGljFEIsJ7o9tMKLzEMOI21UiHZPmRmn6S50jvHSfkHxZ5SBXHEoFYfvOt6b+YenuBGA7sXRTXr5jBVLTJdZHLqhBu7fXS0sdEyk5yBZoFzgZx+IIx3X2qbNS4JFUAqg/BQmNM7qzOoImO1EUv/IjTjVDW9IT0nQnfFAgJxV/MzR3vkbkp5UoGy2RCcg2eQIDAQAB-----END PUBLIC KEY-----\"},{\"name\":\"REFRESH_TOKEN_SECRET_PRIVATE\",\"value\":\"-----BEGIN RSA PRIVATE KEY-----\\nMIIJKAIBAAKCAgEAh8N7XybcGeueFhA96RNkXrtH2XrKsJxD4FX9WKl0wGshPyXh4k+gvN904TU6yqGhqLBvStXHkK674XARougv/E0RTV5AhEgWSYggRA954svm63UiqfHv77ghof8tY58aT6Ov0rA+2Y2K046yPb2w2WkoXgaYssPCsS+PEdZRH56uO3CCrX/QVSJZ52UuUant2V+vZr37M/0iQWmI2x3pOsIsxqLkj9s0cyK5+xBHKrwpRlYxOPD75dYK6WpEEJzhieO68SbwkIViCLMu48AmjHE6XJmRnqAVmfO2f/fGTx/AgFCnoIWO3bxrQRWLj7KL0s1ucZu0PWVUHZm8PsFviY3D1yDh5RTXBglRBPAjqVOTX9R6aQiciGlrOyOrgFbfPAm/f617fyK+fLCUf1tPBGyTNnhCC+PaOXmGBiysZZGWLpMnc7JY0ovruDd6vRegugaE4rDyT0ip/JSU3VM/de1rue6Dmr4tVhdQBwpQBdRZ3KfkNvtc9QVTlfbd8uhd340TA1gJO2HXGAFVE5z8CAfIJbJN9gRKXWIz7NGHpHr1iSdVJin9qU0uE+ZO9vWKFROmX5E8LjT2WLhqovc0y88RyotiyLgPb4v6Wb0MBn1c9Hvzl1Nz+UjzHA7V+Dx/aqqcJx+KUp/1buM2b7N73J3W9YPq/ZQiBbkKah3EOiECAwEAAQKCAgBTHn+eFfCTfgnfgDonRNQim461u9P0pPd5lavyaG0ukWhdfRf6sr26ZSTt7OT9wk9zM/IvYws3rYMh1rc1geo/EgAR2i6tzmS2yDzY7pC1JhlO9vwuCA3aOmV9BPoJEBPPxmuTFoykLWBdffPqkQSBVzx7tJYwfGHqkS+KwCgSr9gEVDHtf19RgCKC5ROis+MHPunogVAW2FfsrGw5mup8Kv2272v4F0DZbN1otOKda23pvkOMlR3j7VPo7EKX2TTMczy1AB4wnTkUEoAWuEHhokEVCIB7GY+gHfISDuS+9LWq2baHNL3vS7hutH4pkCrC+TsxGx8Sp8MEDGeQFGXwZqFtY8M27BdyEE2W3KumY1Q8D8tqAuJDUHquHtbUW6RVe6DQ65QzPUoKQYskuSiRxSoLBiBc6pX1xCUEA3oRBiBKRS1GZ2lRaiXEKlsHmPCI1keEiZgDDPQ6heL/Nh3KwCKgbJ6Cb5BjVT/hQ4sEYTyMNKaDYtOnI8KKnTArYwqOsP6HWzzS6bQLrPoU8A/MRwT+nkD5nGNolz2GsUL3KJqyde67cqTqgYalYWyLV5YLqtAzhtpjBO0cRLR3ekzn2A0WTRuPRZ0nIJx1zE/Rb/Sf45DgvGm4vcun96KSv9xpvhqARPBgHvaGVsEL3uwEpyHoyGZF2Q2V24b0HZ0rQQKCAQEA/GS+8xtcZ68DRemUTBKsZa0uXVgT83hjcHNaXm59K8kuItXQpQtD7axcE7b2Oe6zgk4sDYqdjJ7Azf2jZD8gn67ndQj8kGTn20mDqc1XB4E5MRYbxDx8gW5Sq0seHj87VToRKVFGyET3GWTedtsATcATYyMK8LD5SQVfuXjPxEF6yg8egAUzmu/d/NyXJr4VCxG2aLp5MDy/kGHhdMToUoSS3DvdICS4m6JWkPbXgjx54vLGYXzuysNbuv0el2LKt9fsCzCHPdDiEBnTMz5gfuV1l8x9fbyrYy0BV2Ey3NZWQ3dqJpH4k3HX9v+uFklQjsb4IZMBVtnQZmb/PR1BtQKCAQEAibQauSqvrT5G2siNY3T8Hn/vVy9wRe90jf9dVAWI++tMtYpvsAbje4abjK0bq1wCh4fT4K2Pf8RC1URlsGyGqPTTrWVqhVvBhzfr65LlQl9yf6EWFVYDiuF56yQy3E814ukMfDaytNZCHgdk4rKanf9ZofCDVw/cCtkbXjkCC6ZFmogDaBR6RebcTFoNleIY6zJ7NeBojllhuf75bcxNegUKTDbN3asfdS5+RVSSEFmOBBeF8yX1E667PI/Q5M6luEhMiGb0N+MoW+Bh77kx7S0NX4QLykRZ0aKlBNG6dfIPJ7JwxU/OGLi9weDwNyPgFDoTAtm+ouJjDJQOYuCKPQKCAQEAzTCajMoRtblyz8O17KLBxWel6f1ROv8E2MbvERaCbLaB65AosAUYlIEr2ltEkpSdG7Kx3dBzhX8LAGzUCQvJWgi3404LBtkCJiT+BW4K8u77sAxpRoBmOFOYoenP8oc1lXQ/v3d0NBzdRqfatIYXGR6upEo4+rTl9ZeI2yB8yPDzApKIGUwhSDT6JDiyKa0fLoCX60yueajplFf/Ew+CUJO3UZTZkOhJrT2tYu1LB3ZjIT5+SYNoHy/zw3FFDY4jgJLqM66gRIEtSCm2qlJr4L5re52j6DUaoOZV0NQUpbUbLH5IrlK95CEJkqUKwtOXynu3/pOk4xbxdk8F8ol2gQKCAQAqAIueK00GlNZb6Yxm58n3K6K/fzLJwi5VGa1H8aBE5xKw1RcYJCHDDd3oXOzxqdEDsgSIpaf9msmf74rs801nv7XJUAPbxY8URZRqeJYBVse/8kygGWpfNENR2+q/lFGlctxiDvUXf7sPGcZF96B9zON0J76IEchWbr6QUOc00nSsnAwd9REOvUo458b5Dsv3AaDfYCHEObM7XnCKcyS2sU7gzF6i3I1t2s6dKxyabBaLXPl4nv1QEZ3+7QcUo4uc2ECv4mdfnKQ00g5NZrm51GId3lMSUSLsdKXNAIPVcg35V85aAOumUsNendPnncO9p7Egz3X8jP0VWxvAQSkpAoIBAF/Y0khjeIHm+q3f58rMdPahpssAZ32bbpStSL2yaKeDifuoOwCPb0c4Re04r53gjWzaQWykoOSryu33j+K+VizuYvJbKdlJeRXriq2SIPDc5wiv8A/Xsed1bs9rcolfntEFB4qiKlXSh1TMYZ86eHNFnR4b3oSTMEIqcAABXZKII+xaBpqaO++ddVhOKvoncr84KUNItUhip31FepZHSkiRJARZhsisqdcRftDj3yZe+2UZSobuE4aH2UJz10AcYieENWqUp8p8vr8Dh6acuJ02f6WvzU9Hl2A/cVVeqHtvmNejplEfK1escVuY3ZIt7tdBj6Vc1u/MiVXL/lvXmJY=\\n-----END RSA PRIVATE KEY-----\"},{\"name\":\"REFRESH_TOKEN_SECRET_PUBLIC\",\"value\":\"-----BEGIN PUBLIC KEY-----MIICIjANBgkqhkiG9w0BAQEFAAOCAg8AMIICCgKCAgEAh8N7XybcGeueFhA96RNkXrtH2XrKsJxD4FX9WKl0wGshPyXh4k+gvN904TU6yqGhqLBvStXHkK674XARougv/E0RTV5AhEgWSYggRA954svm63UiqfHv77ghof8tY58aT6Ov0rA+2Y2K046yPb2w2WkoXgaYssPCsS+PEdZRH56uO3CCrX/QVSJZ52UuUant2V+vZr37M/0iQWmI2x3pOsIsxqLkj9s0cyK5+xBHKrwpRlYxOPD75dYK6WpEEJzhieO68SbwkIViCLMu48AmjHE6XJmRnqAVmfO2f/fGTx/AgFCnoIWO3bxrQRWLj7KL0s1ucZu0PWVUHZm8PsFviY3D1yDh5RTXBglRBPAjqVOTX9R6aQiciGlrOyOrgFbfPAm/f617fyK+fLCUf1tPBGyTNnhCC+PaOXmGBiysZZGWLpMnc7JY0ovruDd6vRegugaE4rDyT0ip/JSU3VM/de1rue6Dmr4tVhdQBwpQBdRZ3KfkNvtc9QVTlfbd8uhd340TA1gJO2HXGAFVE5z8CAfIJbJN9gRKXWIz7NGHpHr1iSdVJin9qU0uE+ZO9vWKFROmX5E8LjT2WLhqovc0y88RyotiyLgPb4v6Wb0MBn1c9Hvzl1Nz+UjzHA7V+Dx/aqqcJx+KUp/1buM2b7N73J3W9YPq/ZQiBbkKah3EOiECAwEAAQ==-----END PUBLIC KEY-----\"}],\"essential\":true,\"image\":\"190177667055.dkr.ecr.us-east-2.amazonaws.com/tmp3:latest\",\"memory\":512,\"mountPoints\":[],\"name\":\"tmp3\",\"portMappings\":[{\"containerPort\":9090,\"hostPort\":9090,\"protocol\":\"tcp\"}],\"volumesFrom\":[]}]",
            "cpu": "1024",
            "ephemeral_storage": [],
            "execution_role_arn": "arn:aws:iam::190177667055:role/ecsTaskExecutionRol",
            "family": "task",
            "id": "task",
            "inference_accelerator": [],
            "ipc_mode": "",
            "memory": "2048",
            "network_mode": "awsvpc",
            "pid_mode": "",
            "placement_constraints": [],
            "proxy_configuration": [],
            "requires_compatibilities": [
              "FARGATE"
            ],
            "revision": 3,
            "runtime_platform": [],
            "skip_destroy": false,
            "tags": {},
            "tags_all": {},
            "task_role_arn": "",
            "volume": []
          },
          "sensitive_attributes": [],
          "private": "eyJzY2hlbWFfdmVyc2lvbiI6IjEifQ=="
        }
      ]
    },
    {
      "mode": "managed",
      "type": "aws_iam_role",
      "name": "ecs_task_execution_role",
      "provider": "provider[\"registry.terraform.io/hashicorp/aws\"]",
      "instances": [
        {
          "schema_version": 0,
          "attributes": {
            "arn": "arn:aws:iam::190177667055:role/role-name",
            "assume_role_policy": "{\"Statement\":[{\"Action\":\"sts:AssumeRole\",\"Effect\":\"Allow\",\"Principal\":{\"Service\":\"ecs-tasks.amazonaws.com\"},\"Sid\":\"\"}],\"Version\":\"2012-10-17\"}",
            "create_date": "2023-03-30T16:40:50Z",
            "description": "",
            "force_detach_policies": false,
            "id": "role-name",
            "inline_policy": [],
            "managed_policy_arns": [
              "arn:aws:iam::aws:policy/service-role/AmazonECSTaskExecutionRolePolicy"
            ],
            "max_session_duration": 3600,
            "name": "role-name",
            "name_prefix": "",
            "path": "/",
            "permissions_boundary": null,
            "tags": {},
            "tags_all": {},
            "unique_id": "AROASYR3Y47X23IL2Y264"
          },
          "sensitive_attributes": [],
          "private": "bnVsbA=="
        }
      ]
    },
    {
      "mode": "managed",
      "type": "aws_iam_role",
      "name": "ecs_task_role",
      "provider": "provider[\"registry.terraform.io/hashicorp/aws\"]",
      "instances": [
        {
          "schema_version": 0,
          "attributes": {
            "arn": "arn:aws:iam::190177667055:role/role-name-task",
            "assume_role_policy": "{\"Statement\":[{\"Action\":\"sts:AssumeRole\",\"Effect\":\"Allow\",\"Principal\":{\"Service\":\"ecs-tasks.amazonaws.com\"},\"Sid\":\"\"}],\"Version\":\"2012-10-17\"}",
            "create_date": "2023-03-30T16:40:51Z",
            "description": "",
            "force_detach_policies": false,
            "id": "role-name-task",
            "inline_policy": [],
            "managed_policy_arns": [
              "arn:aws:iam::aws:policy/AmazonS3FullAccess"
            ],
            "max_session_duration": 3600,
            "name": "role-name-task",
            "name_prefix": "",
            "path": "/",
            "permissions_boundary": null,
            "tags": {},
            "tags_all": {},
            "unique_id": "AROASYR3Y47X6UW44IHSJ"
          },
          "sensitive_attributes": [],
          "private": "bnVsbA=="
        }
      ]
    },
    {
      "mode": "managed",
      "type": "aws_iam_role_policy_attachment",
      "name": "ecs-task-execution-role-policy-attachment",
      "provider": "provider[\"registry.terraform.io/hashicorp/aws\"]",
      "instances": [
        {
          "schema_version": 0,
          "attributes": {
            "id": "role-name-20230330164052435300000001",
            "policy_arn": "arn:aws:iam::aws:policy/service-role/AmazonECSTaskExecutionRolePolicy",
            "role": "role-name"
          },
          "sensitive_attributes": [],
          "private": "bnVsbA==",
          "dependencies": [
            "aws_iam_role.ecs_task_execution_role"
          ]
        }
      ]
    },
    {
      "mode": "managed",
      "type": "aws_iam_role_policy_attachment",
      "name": "task_s3",
      "provider": "provider[\"registry.terraform.io/hashicorp/aws\"]",
      "instances": [
        {
          "schema_version": 0,
          "attributes": {
            "id": "role-name-task-20230330164052837300000002",
            "policy_arn": "arn:aws:iam::aws:policy/AmazonS3FullAccess",
            "role": "role-name-task"
          },
          "sensitive_attributes": [],
          "private": "bnVsbA==",
          "dependencies": [
            "aws_iam_role.ecs_task_role"
          ]
        }
      ]
    },
    {
      "mode": "managed",
      "type": "aws_internet_gateway",
      "name": "main-gw",
      "provider": "provider[\"registry.terraform.io/hashicorp/aws\"]",
      "instances": [
        {
          "schema_version": 0,
          "attributes": {
            "arn": "arn:aws:ec2:us-east-1:190177667055:internet-gateway/igw-0b4089dbdf4bde2c4",
            "id": "igw-0b4089dbdf4bde2c4",
            "owner_id": "190177667055",
            "tags": {
              "Name": "main"
            },
            "tags_all": {
              "Name": "main"
            },
            "timeouts": null,
            "vpc_id": "vpc-0527c5d93649109ed"
          },
          "sensitive_attributes": [],
          "private": "eyJlMmJmYjczMC1lY2FhLTExZTYtOGY4OC0zNDM2M2JjN2M0YzAiOnsiY3JlYXRlIjoxMjAwMDAwMDAwMDAwLCJkZWxldGUiOjEyMDAwMDAwMDAwMDAsInVwZGF0ZSI6MTIwMDAwMDAwMDAwMH19",
          "dependencies": [
            "aws_vpc.main"
          ]
        }
      ]
    },
    {
      "mode": "managed",
      "type": "aws_lb_listener",
      "name": "example",
      "provider": "provider[\"registry.terraform.io/hashicorp/aws\"]",
      "instances": []
    },
    {
      "mode": "managed",
      "type": "aws_nat_gateway",
      "name": "nat-gw1",
      "provider": "provider[\"registry.terraform.io/hashicorp/aws\"]",
      "instances": []
    },
    {
      "mode": "managed",
      "type": "aws_nat_gateway",
      "name": "nat-gw2",
      "provider": "provider[\"registry.terraform.io/hashicorp/aws\"]",
      "instances": []
    },
    {
      "mode": "managed",
      "type": "aws_route_table",
      "name": "main-public",
      "provider": "provider[\"registry.terraform.io/hashicorp/aws\"]",
      "instances": [
        {
          "schema_version": 0,
          "attributes": {
            "arn": "arn:aws:ec2:us-east-1:190177667055:route-table/rtb-065ceb511d1d7d67b",
            "id": "rtb-065ceb511d1d7d67b",
            "owner_id": "190177667055",
            "propagating_vgws": [],
            "route": [
              {
                "carrier_gateway_id": "",
                "cidr_block": "0.0.0.0/0",
                "core_network_arn": "",
                "destination_prefix_list_id": "",
                "egress_only_gateway_id": "",
                "gateway_id": "igw-0b4089dbdf4bde2c4",
                "instance_id": "",
                "ipv6_cidr_block": "",
                "local_gateway_id": "",
                "nat_gateway_id": "",
                "network_interface_id": "",
                "transit_gateway_id": "",
                "vpc_endpoint_id": "",
                "vpc_peering_connection_id": ""
              }
            ],
            "tags": {
              "Name": "main-public-routetable"
            },
            "tags_all": {
              "Name": "main-public-routetable"
            },
            "timeouts": null,
            "vpc_id": "vpc-0527c5d93649109ed"
          },
          "sensitive_attributes": [],
          "private": "eyJlMmJmYjczMC1lY2FhLTExZTYtOGY4OC0zNDM2M2JjN2M0YzAiOnsiY3JlYXRlIjozMDAwMDAwMDAwMDAsImRlbGV0ZSI6MzAwMDAwMDAwMDAwLCJ1cGRhdGUiOjEyMDAwMDAwMDAwMH19",
          "dependencies": [
            "aws_internet_gateway.main-gw",
            "aws_vpc.main"
          ]
        }
      ]
    },
    {
      "mode": "managed",
      "type": "aws_route_table",
      "name": "private-rt1",
      "provider": "provider[\"registry.terraform.io/hashicorp/aws\"]",
      "instances": []
    },
    {
      "mode": "managed",
      "type": "aws_route_table",
      "name": "private-rt2",
      "provider": "provider[\"registry.terraform.io/hashicorp/aws\"]",
      "instances": []
    },
    {
      "mode": "managed",
      "type": "aws_route_table_association",
      "name": "main-public-1",
      "provider": "provider[\"registry.terraform.io/hashicorp/aws\"]",
      "instances": [
        {
          "schema_version": 0,
          "attributes": {
            "gateway_id": "",
            "id": "rtbassoc-07a244afd5221374a",
            "route_table_id": "rtb-065ceb511d1d7d67b",
            "subnet_id": "subnet-0cce976851f72fca8"
          },
          "sensitive_attributes": [],
          "private": "bnVsbA==",
          "dependencies": [
            "aws_route_table.main-public",
            "aws_subnet.main-public-1",
            "aws_vpc.main"
          ]
        }
      ]
    },
    {
      "mode": "managed",
      "type": "aws_route_table_association",
      "name": "main-public-2",
      "provider": "provider[\"registry.terraform.io/hashicorp/aws\"]",
      "instances": [
        {
          "schema_version": 0,
          "attributes": {
            "gateway_id": "",
            "id": "rtbassoc-0b7ebe56185d79708",
            "route_table_id": "rtb-065ceb511d1d7d67b",
            "subnet_id": "subnet-0381aa6748bba9e2a"
          },
          "sensitive_attributes": [],
          "private": "bnVsbA==",
          "dependencies": [
            "aws_route_table.main-public",
            "aws_subnet.main-public-2",
            "aws_vpc.main"
          ]
        }
      ]
    },
    {
      "mode": "managed",
      "type": "aws_route_table_association",
      "name": "private1",
      "provider": "provider[\"registry.terraform.io/hashicorp/aws\"]",
      "instances": []
    },
    {
      "mode": "managed",
      "type": "aws_route_table_association",
      "name": "private2",
      "provider": "provider[\"registry.terraform.io/hashicorp/aws\"]",
      "instances": []
    },
    {
      "mode": "managed",
      "type": "aws_security_group",
      "name": "alb_sg",
      "provider": "provider[\"registry.terraform.io/hashicorp/aws\"]",
      "instances": [
        {
          "schema_version": 1,
          "attributes": {
            "arn": "arn:aws:ec2:us-east-1:190177667055:security-group/sg-0f0e74d6a2443fb7f",
            "description": "sg for alb",
            "egress": [
              {
                "cidr_blocks": [
                  "0.0.0.0/0"
                ],
                "description": "",
                "from_port": 0,
                "ipv6_cidr_blocks": [],
                "prefix_list_ids": [],
                "protocol": "-1",
                "security_groups": [],
                "self": false,
                "to_port": 0
              }
            ],
            "id": "sg-0f0e74d6a2443fb7f",
            "ingress": [
              {
                "cidr_blocks": [
                  "0.0.0.0/0"
                ],
                "description": "",
                "from_port": 80,
                "ipv6_cidr_blocks": [],
                "prefix_list_ids": [],
                "protocol": "tcp",
                "security_groups": [],
                "self": false,
                "to_port": 80
              }
            ],
            "name": "alb-sg",
            "name_prefix": "",
            "owner_id": "190177667055",
            "revoke_rules_on_delete": false,
            "tags": {
              "Name": "load balancer sg"
            },
            "tags_all": {
              "Name": "load balancer sg"
            },
            "timeouts": null,
            "vpc_id": "vpc-0527c5d93649109ed"
          },
          "sensitive_attributes": [],
          "private": "eyJlMmJmYjczMC1lY2FhLTExZTYtOGY4OC0zNDM2M2JjN2M0YzAiOnsiY3JlYXRlIjo2MDAwMDAwMDAwMDAsImRlbGV0ZSI6OTAwMDAwMDAwMDAwfSwic2NoZW1hX3ZlcnNpb24iOiIxIn0=",
          "dependencies": [
            "aws_vpc.main"
          ]
        }
      ]
    },
    {
      "mode": "managed",
      "type": "aws_security_group",
      "name": "ecs-sg",
      "provider": "provider[\"registry.terraform.io/hashicorp/aws\"]",
      "instances": [
        {
          "schema_version": 1,
          "attributes": {
            "arn": "arn:aws:ec2:us-east-1:190177667055:security-group/sg-03f01f7372cbdcee6",
            "description": "sg for ecs",
            "egress": [
              {
                "cidr_blocks": [
                  "0.0.0.0/0"
                ],
                "description": "",
                "from_port": 0,
                "ipv6_cidr_blocks": [],
                "prefix_list_ids": [],
                "protocol": "-1",
                "security_groups": [],
                "self": false,
                "to_port": 0
              }
            ],
            "id": "sg-03f01f7372cbdcee6",
            "ingress": [
              {
                "cidr_blocks": [],
                "description": "",
                "from_port": 0,
                "ipv6_cidr_blocks": [],
                "prefix_list_ids": [],
                "protocol": "tcp",
                "security_groups": [
                  "sg-0f0e74d6a2443fb7f"
                ],
                "self": false,
                "to_port": 65535
              }
            ],
            "name": "ecs-sg",
            "name_prefix": "",
            "owner_id": "190177667055",
            "revoke_rules_on_delete": false,
            "tags": {
              "Name": "ECS-security-group"
            },
            "tags_all": {
              "Name": "ECS-security-group"
            },
            "timeouts": null,
            "vpc_id": "vpc-0527c5d93649109ed"
          },
          "sensitive_attributes": [],
          "private": "eyJlMmJmYjczMC1lY2FhLTExZTYtOGY4OC0zNDM2M2JjN2M0YzAiOnsiY3JlYXRlIjo2MDAwMDAwMDAwMDAsImRlbGV0ZSI6OTAwMDAwMDAwMDAwfSwic2NoZW1hX3ZlcnNpb24iOiIxIn0=",
          "dependencies": [
            "aws_security_group.alb_sg",
            "aws_vpc.main"
          ]
        }
      ]
    },
    {
      "mode": "managed",
      "type": "aws_subnet",
      "name": "main-private-1",
      "provider": "provider[\"registry.terraform.io/hashicorp/aws\"]",
      "instances": [
        {
          "schema_version": 1,
          "attributes": {
            "arn": "arn:aws:ec2:us-east-1:190177667055:subnet/subnet-0c881578aa4dd7980",
            "assign_ipv6_address_on_creation": false,
            "availability_zone": "us-east-1a",
            "availability_zone_id": "use1-az2",
            "cidr_block": "10.0.3.0/24",
            "customer_owned_ipv4_pool": "",
            "enable_dns64": false,
            "enable_resource_name_dns_a_record_on_launch": false,
            "enable_resource_name_dns_aaaa_record_on_launch": false,
            "id": "subnet-0c881578aa4dd7980",
            "ipv6_cidr_block": "",
            "ipv6_cidr_block_association_id": "",
            "ipv6_native": false,
            "map_customer_owned_ip_on_launch": false,
            "map_public_ip_on_launch": true,
            "outpost_arn": "",
            "owner_id": "190177667055",
            "private_dns_hostname_type_on_launch": "ip-name",
            "tags": {
              "Name": "main-private-1"
            },
            "tags_all": {
              "Name": "main-private-1"
            },
            "timeouts": null,
            "vpc_id": "vpc-0527c5d93649109ed"
          },
          "sensitive_attributes": [],
          "private": "eyJlMmJmYjczMC1lY2FhLTExZTYtOGY4OC0zNDM2M2JjN2M0YzAiOnsiY3JlYXRlIjo2MDAwMDAwMDAwMDAsImRlbGV0ZSI6MTIwMDAwMDAwMDAwMH0sInNjaGVtYV92ZXJzaW9uIjoiMSJ9",
          "dependencies": [
            "aws_vpc.main"
          ]
        }
      ]
    },
    {
      "mode": "managed",
      "type": "aws_subnet",
      "name": "main-private-2",
      "provider": "provider[\"registry.terraform.io/hashicorp/aws\"]",
      "instances": [
        {
          "schema_version": 1,
          "attributes": {
            "arn": "arn:aws:ec2:us-east-1:190177667055:subnet/subnet-051795525c1ceafc1",
            "assign_ipv6_address_on_creation": false,
            "availability_zone": "us-east-1b",
            "availability_zone_id": "use1-az4",
            "cidr_block": "10.0.4.0/24",
            "customer_owned_ipv4_pool": "",
            "enable_dns64": false,
            "enable_resource_name_dns_a_record_on_launch": false,
            "enable_resource_name_dns_aaaa_record_on_launch": false,
            "id": "subnet-051795525c1ceafc1",
            "ipv6_cidr_block": "",
            "ipv6_cidr_block_association_id": "",
            "ipv6_native": false,
            "map_customer_owned_ip_on_launch": false,
            "map_public_ip_on_launch": true,
            "outpost_arn": "",
            "owner_id": "190177667055",
            "private_dns_hostname_type_on_launch": "ip-name",
            "tags": {
              "Name": "main-private-2"
            },
            "tags_all": {
              "Name": "main-private-2"
            },
            "timeouts": null,
            "vpc_id": "vpc-0527c5d93649109ed"
          },
          "sensitive_attributes": [],
          "private": "eyJlMmJmYjczMC1lY2FhLTExZTYtOGY4OC0zNDM2M2JjN2M0YzAiOnsiY3JlYXRlIjo2MDAwMDAwMDAwMDAsImRlbGV0ZSI6MTIwMDAwMDAwMDAwMH0sInNjaGVtYV92ZXJzaW9uIjoiMSJ9",
          "dependencies": [
            "aws_vpc.main"
          ]
        }
      ]
    },
    {
      "mode": "managed",
      "type": "aws_subnet",
      "name": "main-public-1",
      "provider": "provider[\"registry.terraform.io/hashicorp/aws\"]",
      "instances": [
        {
          "schema_version": 1,
          "attributes": {
            "arn": "arn:aws:ec2:us-east-1:190177667055:subnet/subnet-0cce976851f72fca8",
            "assign_ipv6_address_on_creation": false,
            "availability_zone": "us-east-1a",
            "availability_zone_id": "use1-az2",
            "cidr_block": "10.0.1.0/24",
            "customer_owned_ipv4_pool": "",
            "enable_dns64": false,
            "enable_resource_name_dns_a_record_on_launch": false,
            "enable_resource_name_dns_aaaa_record_on_launch": false,
            "id": "subnet-0cce976851f72fca8",
            "ipv6_cidr_block": "",
            "ipv6_cidr_block_association_id": "",
            "ipv6_native": false,
            "map_customer_owned_ip_on_launch": false,
            "map_public_ip_on_launch": true,
            "outpost_arn": "",
            "owner_id": "190177667055",
            "private_dns_hostname_type_on_launch": "ip-name",
            "tags": {
              "Name": "main-public-1"
            },
            "tags_all": {
              "Name": "main-public-1"
            },
            "timeouts": null,
            "vpc_id": "vpc-0527c5d93649109ed"
          },
          "sensitive_attributes": [],
          "private": "eyJlMmJmYjczMC1lY2FhLTExZTYtOGY4OC0zNDM2M2JjN2M0YzAiOnsiY3JlYXRlIjo2MDAwMDAwMDAwMDAsImRlbGV0ZSI6MTIwMDAwMDAwMDAwMH0sInNjaGVtYV92ZXJzaW9uIjoiMSJ9",
          "dependencies": [
            "aws_vpc.main"
          ]
        }
      ]
    },
    {
      "mode": "managed",
      "type": "aws_subnet",
      "name": "main-public-2",
      "provider": "provider[\"registry.terraform.io/hashicorp/aws\"]",
      "instances": [
        {
          "schema_version": 1,
          "attributes": {
            "arn": "arn:aws:ec2:us-east-1:190177667055:subnet/subnet-0381aa6748bba9e2a",
            "assign_ipv6_address_on_creation": false,
            "availability_zone": "us-east-1b",
            "availability_zone_id": "use1-az4",
            "cidr_block": "10.0.2.0/24",
            "customer_owned_ipv4_pool": "",
            "enable_dns64": false,
            "enable_resource_name_dns_a_record_on_launch": false,
            "enable_resource_name_dns_aaaa_record_on_launch": false,
            "id": "subnet-0381aa6748bba9e2a",
            "ipv6_cidr_block": "",
            "ipv6_cidr_block_association_id": "",
            "ipv6_native": false,
            "map_customer_owned_ip_on_launch": false,
            "map_public_ip_on_launch": true,
            "outpost_arn": "",
            "owner_id": "190177667055",
            "private_dns_hostname_type_on_launch": "ip-name",
            "tags": {
              "Name": "main-public-2"
            },
            "tags_all": {
              "Name": "main-public-2"
            },
            "timeouts": null,
            "vpc_id": "vpc-0527c5d93649109ed"
          },
          "sensitive_attributes": [],
          "private": "eyJlMmJmYjczMC1lY2FhLTExZTYtOGY4OC0zNDM2M2JjN2M0YzAiOnsiY3JlYXRlIjo2MDAwMDAwMDAwMDAsImRlbGV0ZSI6MTIwMDAwMDAwMDAwMH0sInNjaGVtYV92ZXJzaW9uIjoiMSJ9",
          "dependencies": [
            "aws_vpc.main"
          ]
        }
      ]
    },
    {
      "mode": "managed",
      "type": "aws_vpc",
      "name": "main",
      "provider": "provider[\"registry.terraform.io/hashicorp/aws\"]",
      "instances": [
        {
          "schema_version": 1,
          "attributes": {
            "arn": "arn:aws:ec2:us-east-1:190177667055:vpc/vpc-0527c5d93649109ed",
            "assign_generated_ipv6_cidr_block": false,
            "cidr_block": "10.0.0.0/16",
            "default_network_acl_id": "acl-0e3d1f003fa9d30fb",
            "default_route_table_id": "rtb-022729ef704d325b4",
            "default_security_group_id": "sg-036889ebc8dd24967",
            "dhcp_options_id": "dopt-013171772bf5f05b9",
            "enable_classiclink": false,
            "enable_classiclink_dns_support": false,
            "enable_dns_hostnames": true,
            "enable_dns_support": true,
            "enable_network_address_usage_metrics": false,
            "id": "vpc-0527c5d93649109ed",
            "instance_tenancy": "default",
            "ipv4_ipam_pool_id": null,
            "ipv4_netmask_length": null,
            "ipv6_association_id": "",
            "ipv6_cidr_block": "",
            "ipv6_cidr_block_network_border_group": "",
            "ipv6_ipam_pool_id": "",
            "ipv6_netmask_length": 0,
            "main_route_table_id": "rtb-022729ef704d325b4",
            "owner_id": "190177667055",
            "tags": {
              "Name": "main"
            },
            "tags_all": {
              "Name": "main"
            }
          },
          "sensitive_attributes": [],
          "private": "eyJzY2hlbWFfdmVyc2lvbiI6IjEifQ=="
        }
      ]
    }
  ],
  "check_results": null
}
